{
  "name": "lib",
  "lockfileVersion": 2,
  "requires": true,
  "packages": {
    "": {
      "dependencies": {
        "monaco-editor": "^0.52.0"
      }
    },
    "node_modules/monaco-editor": {
      "version": "0.52.0",
      "resolved": "https://registry.npmjs.org/monaco-editor/-/monaco-editor-0.52.0.tgz",
      "integrity": "sha512-OeWhNpABLCeTqubfqLMXGsqf6OmPU6pHM85kF3dhy6kq5hnhuVS1p3VrEW/XhWHc71P2tHyS5JFySD8mgs1crw=="
    }
  },
  "dependencies": {
    "monaco-editor": {
      "version": "0.52.0",
      "resolved": "https://registry.npmjs.org/monaco-editor/-/monaco-editor-0.52.0.tgz",
      "integrity": "sha512-OeWhNpABLCeTqubfqLMXGsqf6OmPU6pHM85kF3dhy6kq5hnhuVS1p3VrEW/XhWHc71P2tHyS5JFySD8mgs1crw=="
    }
  }
}
